// !$*UTF8*$!
{
	archiveVersion = 1;
	classes = {
	};
	objectVersion = 46;
	objects = {

/* Begin PBXBuildFile section */
		BD246E721AD19673000E683A /* NSTextStorage+ChangeMarks.m in Sources */ = {isa = PBXBuildFile; fileRef = BD246E711AD19673000E683A /* NSTextStorage+ChangeMarks.m */; };
		BD36E9C91AD2FBC200B7BB63 /* DVTTextStorage+ChangeMarks.m in Sources */ = {isa = PBXBuildFile; fileRef = BD36E9C81AD2FBC200B7BB63 /* DVTTextStorage+ChangeMarks.m */; };
		BD60106E1AE588EA0049559B /* ChangeControllerTests.swift in Sources */ = {isa = PBXBuildFile; fileRef = BD60106D1AE588EA0049559B /* ChangeControllerTests.swift */; };
		BD8B04FE1ACD7F58000FA861 /* DVTFoundation.framework in Frameworks */ = {isa = PBXBuildFile; fileRef = BD8B04FD1ACD7F58000FA861 /* DVTFoundation.framework */; };
		BD8B05001ACD7F63000FA861 /* DVTKit.framework in Frameworks */ = {isa = PBXBuildFile; fileRef = BD8B04FF1ACD7F63000FA861 /* DVTKit.framework */; };
		BD8B05021ACD7F67000FA861 /* IDEKit.framework in Frameworks */ = {isa = PBXBuildFile; fileRef = BD8B05011ACD7F67000FA861 /* IDEKit.framework */; };
		BD8B051A1ACD804D000FA861 /* NSTextView+ChangeMarks.m in Sources */ = {isa = PBXBuildFile; fileRef = BD8B05141ACD804D000FA861 /* NSTextView+ChangeMarks.m */; };
		BD8B051E1ACD8064000FA861 /* Cocoa.framework in Frameworks */ = {isa = PBXBuildFile; fileRef = BD8B051D1ACD8064000FA861 /* Cocoa.framework */; };
		BDA650D31A0406BD005BBC5E /* ChangeMarks.xcscheme in Resources */ = {isa = PBXBuildFile; fileRef = BDA650D21A0406BD005BBC5E /* ChangeMarks.xcscheme */; };
		BDA650D61A0406BD005BBC5E /* ChangeMarks.m in Sources */ = {isa = PBXBuildFile; fileRef = BDA650D51A0406BD005BBC5E /* ChangeMarks.m */; };
		BDA83AEC1AD19AAE009C4A56 /* DVTTextCompletionSession+ChangeMarks.m in Sources */ = {isa = PBXBuildFile; fileRef = BDA83AEB1AD19AAE009C4A56 /* DVTTextCompletionSession+ChangeMarks.m */; };
		BDF326E01AE4222A009015D8 /* ChangeModel.m in Sources */ = {isa = PBXBuildFile; fileRef = BDF326DF1AE4222A009015D8 /* ChangeModel.m */; };
		BDF326E31AE42394009015D8 /* ChangeController.m in Sources */ = {isa = PBXBuildFile; fileRef = BDF326E21AE42394009015D8 /* ChangeController.m */; };
/* End PBXBuildFile section */

/* Begin PBXFileReference section */
		BD246E701AD19673000E683A /* NSTextStorage+ChangeMarks.h */ = {isa = PBXFileReference; fileEncoding = 4; lastKnownFileType = sourcecode.c.h; path = "NSTextStorage+ChangeMarks.h"; sourceTree = "<group>"; };
		BD246E711AD19673000E683A /* NSTextStorage+ChangeMarks.m */ = {isa = PBXFileReference; fileEncoding = 4; lastKnownFileType = sourcecode.c.objc; path = "NSTextStorage+ChangeMarks.m"; sourceTree = "<group>"; };
		BD36E9C71AD2FBC200B7BB63 /* DVTTextStorage+ChangeMarks.h */ = {isa = PBXFileReference; fileEncoding = 4; lastKnownFileType = sourcecode.c.h; path = "DVTTextStorage+ChangeMarks.h"; sourceTree = "<group>"; };
		BD36E9C81AD2FBC200B7BB63 /* DVTTextStorage+ChangeMarks.m */ = {isa = PBXFileReference; fileEncoding = 4; lastKnownFileType = sourcecode.c.objc; path = "DVTTextStorage+ChangeMarks.m"; sourceTree = "<group>"; };
		BD50BC901ACD85DE008B439B /* DVTCompletingTextView.h */ = {isa = PBXFileReference; fileEncoding = 4; lastKnownFileType = sourcecode.c.h; path = DVTCompletingTextView.h; sourceTree = "<group>"; };
		BD50BC911ACD85DE008B439B /* DVTCompletingTextViewDelegate-Protocol.h */ = {isa = PBXFileReference; fileEncoding = 4; lastKnownFileType = sourcecode.c.h; path = "DVTCompletingTextViewDelegate-Protocol.h"; sourceTree = "<group>"; };
		BD50BC921ACD85DE008B439B /* DVTFontAndColorTheme.h */ = {isa = PBXFileReference; fileEncoding = 4; lastKnownFileType = sourcecode.c.h; path = DVTFontAndColorTheme.h; sourceTree = "<group>"; };
		BD50BC931ACD85DE008B439B /* DVTInvalidation-Protocol.h */ = {isa = PBXFileReference; fileEncoding = 4; lastKnownFileType = sourcecode.c.h; path = "DVTInvalidation-Protocol.h"; sourceTree = "<group>"; };
		BD50BC941ACD85DE008B439B /* DVTPreferenceSet-Protocol.h */ = {isa = PBXFileReference; fileEncoding = 4; lastKnownFileType = sourcecode.c.h; path = "DVTPreferenceSet-Protocol.h"; sourceTree = "<group>"; };
		BD50BC951ACD85DE008B439B /* DVTTextCompletionDataSourceDelegate-Protocol.h */ = {isa = PBXFileReference; fileEncoding = 4; lastKnownFileType = sourcecode.c.h; path = "DVTTextCompletionDataSourceDelegate-Protocol.h"; sourceTree = "<group>"; };
		BD50BC961ACD85DE008B439B /* DVTTextCompletionInlinePreviewController.h */ = {isa = PBXFileReference; fileEncoding = 4; lastKnownFileType = sourcecode.c.h; path = DVTTextCompletionInlinePreviewController.h; sourceTree = "<group>"; };
		BD50BC971ACD85DE008B439B /* DVTTextCompletionItem-Protocol.h */ = {isa = PBXFileReference; fileEncoding = 4; lastKnownFileType = sourcecode.c.h; path = "DVTTextCompletionItem-Protocol.h"; sourceTree = "<group>"; };
		BD50BC981ACD85DE008B439B /* DVTTextCompletionListWindowController.h */ = {isa = PBXFileReference; fileEncoding = 4; lastKnownFileType = sourcecode.c.h; path = DVTTextCompletionListWindowController.h; sourceTree = "<group>"; };
		BD50BC9B1ACD85DE008B439B /* DVTTextCompletionSession.h */ = {isa = PBXFileReference; fileEncoding = 4; lastKnownFileType = sourcecode.c.h; path = DVTTextCompletionSession.h; sourceTree = "<group>"; };
		BD50BC9C1ACD85DE008B439B /* DVTTextStorage.h */ = {isa = PBXFileReference; fileEncoding = 4; lastKnownFileType = sourcecode.c.h; path = DVTTextStorage.h; sourceTree = "<group>"; };
		BD50BC9D1ACD85DE008B439B /* DVTTextStorageDelegate-Protocol.h */ = {isa = PBXFileReference; fileEncoding = 4; lastKnownFileType = sourcecode.c.h; path = "DVTTextStorageDelegate-Protocol.h"; sourceTree = "<group>"; };
		BD50BC9E1ACD85DE008B439B /* IDEIndexCompletionItem.h */ = {isa = PBXFileReference; fileEncoding = 4; lastKnownFileType = sourcecode.c.h; path = IDEIndexCompletionItem.h; sourceTree = "<group>"; };
		BD50BC9F1ACD85DE008B439B /* IDEOpenQuicklyPattern.h */ = {isa = PBXFileReference; fileEncoding = 4; lastKnownFileType = sourcecode.c.h; path = IDEOpenQuicklyPattern.h; sourceTree = "<group>"; };
		BD6010691AE588EA0049559B /* ChangeControllerTests.xctest */ = {isa = PBXFileReference; explicitFileType = wrapper.cfbundle; includeInIndex = 0; path = ChangeControllerTests.xctest; sourceTree = BUILT_PRODUCTS_DIR; };
		BD60106C1AE588EA0049559B /* Info.plist */ = {isa = PBXFileReference; lastKnownFileType = text.plist.xml; path = Info.plist; sourceTree = "<group>"; };
		BD60106D1AE588EA0049559B /* ChangeControllerTests.swift */ = {isa = PBXFileReference; lastKnownFileType = sourcecode.swift; path = ChangeControllerTests.swift; sourceTree = "<group>"; };
		BD6010741AE58A640049559B /* ChangeMarksTests-Bridging-Header.h */ = {isa = PBXFileReference; fileEncoding = 4; lastKnownFileType = sourcecode.c.h; name = "ChangeMarksTests-Bridging-Header.h"; path = "ChangeMarksTests/ChangeMarksTests-Bridging-Header.h"; sourceTree = SOURCE_ROOT; };
		BD8B04FD1ACD7F58000FA861 /* DVTFoundation.framework */ = {isa = PBXFileReference; lastKnownFileType = wrapper.framework; name = DVTFoundation.framework; path = ../../../../Applications/Xcode.app/Contents/SharedFrameworks/DVTFoundation.framework; sourceTree = "<group>"; };
		BD8B04FF1ACD7F63000FA861 /* DVTKit.framework */ = {isa = PBXFileReference; lastKnownFileType = wrapper.framework; name = DVTKit.framework; path = ../../../../Applications/Xcode.app/Contents/SharedFrameworks/DVTKit.framework; sourceTree = "<group>"; };
		BD8B05011ACD7F67000FA861 /* IDEKit.framework */ = {isa = PBXFileReference; lastKnownFileType = wrapper.framework; name = IDEKit.framework; path = ../../../../Applications/Xcode.app/Contents/Frameworks/IDEKit.framework; sourceTree = "<group>"; };
		BD8B05131ACD804D000FA861 /* NSTextView+ChangeMarks.h */ = {isa = PBXFileReference; fileEncoding = 4; lastKnownFileType = sourcecode.c.h; path = "NSTextView+ChangeMarks.h"; sourceTree = "<group>"; };
		BD8B05141ACD804D000FA861 /* NSTextView+ChangeMarks.m */ = {isa = PBXFileReference; fileEncoding = 4; lastKnownFileType = sourcecode.c.objc; path = "NSTextView+ChangeMarks.m"; sourceTree = "<group>"; };
		BD8B05171ACD804D000FA861 /* XcodePrivate.h */ = {isa = PBXFileReference; fileEncoding = 4; lastKnownFileType = sourcecode.c.h; path = XcodePrivate.h; sourceTree = "<group>"; };
		BD8B051D1ACD8064000FA861 /* Cocoa.framework */ = {isa = PBXFileReference; lastKnownFileType = wrapper.framework; name = Cocoa.framework; path = System/Library/Frameworks/Cocoa.framework; sourceTree = SDKROOT; };
		BD8B051F1ACD80C8000FA861 /* ChangeMarksPlugIn-Prefix.pch */ = {isa = PBXFileReference; fileEncoding = 4; lastKnownFileType = sourcecode.c.h; path = "ChangeMarksPlugIn-Prefix.pch"; sourceTree = "<group>"; };
		BDA650C81A0406BD005BBC5E /* ChangeMarks.xcplugin */ = {isa = PBXFileReference; explicitFileType = wrapper.cfbundle; includeInIndex = 0; path = ChangeMarks.xcplugin; sourceTree = BUILT_PRODUCTS_DIR; };
		BDA650CB1A0406BD005BBC5E /* AppKit.framework */ = {isa = PBXFileReference; lastKnownFileType = wrapper.framework; name = AppKit.framework; path = /System/Library/Frameworks/AppKit.framework; sourceTree = "<absolute>"; };
		BDA650CD1A0406BD005BBC5E /* Foundation.framework */ = {isa = PBXFileReference; lastKnownFileType = wrapper.framework; name = Foundation.framework; path = /System/Library/Frameworks/Foundation.framework; sourceTree = "<absolute>"; };
		BDA650D11A0406BD005BBC5E /* Info.plist */ = {isa = PBXFileReference; explicitFileType = text.xml; path = Info.plist; sourceTree = "<group>"; };
		BDA650D21A0406BD005BBC5E /* ChangeMarks.xcscheme */ = {isa = PBXFileReference; lastKnownFileType = text.xml; name = ChangeMarks.xcscheme; path = ChangeMarks.xcodeproj/xcshareddata/xcschemes/ChangeMarks.xcscheme; sourceTree = SOURCE_ROOT; };
		BDA650D41A0406BD005BBC5E /* ChangeMarks.h */ = {isa = PBXFileReference; lastKnownFileType = sourcecode.c.h; path = ChangeMarks.h; sourceTree = "<group>"; };
		BDA650D51A0406BD005BBC5E /* ChangeMarks.m */ = {isa = PBXFileReference; lastKnownFileType = sourcecode.c.objc; path = ChangeMarks.m; sourceTree = "<group>"; };
		BDA83AEA1AD19AAE009C4A56 /* DVTTextCompletionSession+ChangeMarks.h */ = {isa = PBXFileReference; fileEncoding = 4; lastKnownFileType = sourcecode.c.h; path = "DVTTextCompletionSession+ChangeMarks.h"; sourceTree = "<group>"; };
		BDA83AEB1AD19AAE009C4A56 /* DVTTextCompletionSession+ChangeMarks.m */ = {isa = PBXFileReference; fileEncoding = 4; lastKnownFileType = sourcecode.c.objc; path = "DVTTextCompletionSession+ChangeMarks.m"; sourceTree = "<group>"; };
		BDF326DE1AE4222A009015D8 /* ChangeModel.h */ = {isa = PBXFileReference; fileEncoding = 4; lastKnownFileType = sourcecode.c.h; path = ChangeModel.h; sourceTree = "<group>"; };
		BDF326DF1AE4222A009015D8 /* ChangeModel.m */ = {isa = PBXFileReference; fileEncoding = 4; lastKnownFileType = sourcecode.c.objc; path = ChangeModel.m; sourceTree = "<group>"; };
		BDF326E11AE42394009015D8 /* ChangeController.h */ = {isa = PBXFileReference; fileEncoding = 4; lastKnownFileType = sourcecode.c.h; path = ChangeController.h; sourceTree = "<group>"; };
		BDF326E21AE42394009015D8 /* ChangeController.m */ = {isa = PBXFileReference; fileEncoding = 4; lastKnownFileType = sourcecode.c.objc; path = ChangeController.m; sourceTree = "<group>"; };
/* End PBXFileReference section */

/* Begin PBXFrameworksBuildPhase section */
		BD6010661AE588EA0049559B /* Frameworks */ = {
			isa = PBXFrameworksBuildPhase;
			buildActionMask = 2147483647;
			files = (
			);
			runOnlyForDeploymentPostprocessing = 0;
		};
		BDA650C61A0406BD005BBC5E /* Frameworks */ = {
			isa = PBXFrameworksBuildPhase;
			buildActionMask = 2147483647;
			files = (
				BD8B051E1ACD8064000FA861 /* Cocoa.framework in Frameworks */,
				BD8B05001ACD7F63000FA861 /* DVTKit.framework in Frameworks */,
				BD8B05021ACD7F67000FA861 /* IDEKit.framework in Frameworks */,
				BD8B04FE1ACD7F58000FA861 /* DVTFoundation.framework in Frameworks */,
			);
			runOnlyForDeploymentPostprocessing = 0;
		};
/* End PBXFrameworksBuildPhase section */

/* Begin PBXGroup section */
		BD50BC8F1ACD85DE008B439B /* Headers */ = {
			isa = PBXGroup;
			children = (
				BD50BC901ACD85DE008B439B /* DVTCompletingTextView.h */,
				BD50BC911ACD85DE008B439B /* DVTCompletingTextViewDelegate-Protocol.h */,
				BD50BC921ACD85DE008B439B /* DVTFontAndColorTheme.h */,
				BD50BC931ACD85DE008B439B /* DVTInvalidation-Protocol.h */,
				BD50BC941ACD85DE008B439B /* DVTPreferenceSet-Protocol.h */,
				BD50BC951ACD85DE008B439B /* DVTTextCompletionDataSourceDelegate-Protocol.h */,
				BD50BC961ACD85DE008B439B /* DVTTextCompletionInlinePreviewController.h */,
				BD50BC971ACD85DE008B439B /* DVTTextCompletionItem-Protocol.h */,
				BD50BC981ACD85DE008B439B /* DVTTextCompletionListWindowController.h */,
				BD50BC9B1ACD85DE008B439B /* DVTTextCompletionSession.h */,
				BD50BC9C1ACD85DE008B439B /* DVTTextStorage.h */,
				BD50BC9D1ACD85DE008B439B /* DVTTextStorageDelegate-Protocol.h */,
				BD50BC9E1ACD85DE008B439B /* IDEIndexCompletionItem.h */,
				BD50BC9F1ACD85DE008B439B /* IDEOpenQuicklyPattern.h */,
			);
			path = Headers;
			sourceTree = "<group>";
		};
		BD60106A1AE588EA0049559B /* ChangeControllerTests */ = {
			isa = PBXGroup;
			children = (
				BD6010741AE58A640049559B /* ChangeMarksTests-Bridging-Header.h */,
				BD60106D1AE588EA0049559B /* ChangeControllerTests.swift */,
				BD60106B1AE588EA0049559B /* Supporting Files */,
			);
			path = ChangeControllerTests;
			sourceTree = "<group>";
		};
		BD60106B1AE588EA0049559B /* Supporting Files */ = {
			isa = PBXGroup;
			children = (
				BD60106C1AE588EA0049559B /* Info.plist */,
			);
			name = "Supporting Files";
			sourceTree = "<group>";
		};
		BDA650BF1A0406BD005BBC5E = {
			isa = PBXGroup;
			children = (
				BDA650CF1A0406BD005BBC5E /* ChangeMarks */,
				BD60106A1AE588EA0049559B /* ChangeControllerTests */,
				BDA650CA1A0406BD005BBC5E /* Frameworks */,
				BDA650C91A0406BD005BBC5E /* Products */,
			);
			sourceTree = "<group>";
		};
		BDA650C91A0406BD005BBC5E /* Products */ = {
			isa = PBXGroup;
			children = (
				BDA650C81A0406BD005BBC5E /* ChangeMarks.xcplugin */,
				BD6010691AE588EA0049559B /* ChangeControllerTests.xctest */,
			);
			name = Products;
			sourceTree = "<group>";
		};
		BDA650CA1A0406BD005BBC5E /* Frameworks */ = {
			isa = PBXGroup;
			children = (
				BD8B051D1ACD8064000FA861 /* Cocoa.framework */,
				BD8B05011ACD7F67000FA861 /* IDEKit.framework */,
				BD8B04FF1ACD7F63000FA861 /* DVTKit.framework */,
				BD8B04FD1ACD7F58000FA861 /* DVTFoundation.framework */,
				BDA650CB1A0406BD005BBC5E /* AppKit.framework */,
				BDA650CD1A0406BD005BBC5E /* Foundation.framework */,
			);
			name = Frameworks;
			sourceTree = "<group>";
		};
		BDA650CF1A0406BD005BBC5E /* ChangeMarks */ = {
			isa = PBXGroup;
			children = (
				BD50BC8F1ACD85DE008B439B /* Headers */,
				BDA650D01A0406BD005BBC5E /* Supporting Files */,
				BDA650D41A0406BD005BBC5E /* ChangeMarks.h */,
				BDA650D51A0406BD005BBC5E /* ChangeMarks.m */,
				BDA83AEA1AD19AAE009C4A56 /* DVTTextCompletionSession+ChangeMarks.h */,
				BDA83AEB1AD19AAE009C4A56 /* DVTTextCompletionSession+ChangeMarks.m */,
				BD36E9C71AD2FBC200B7BB63 /* DVTTextStorage+ChangeMarks.h */,
				BD36E9C81AD2FBC200B7BB63 /* DVTTextStorage+ChangeMarks.m */,
				BD246E701AD19673000E683A /* NSTextStorage+ChangeMarks.h */,
				BD246E711AD19673000E683A /* NSTextStorage+ChangeMarks.m */,
				BD8B05131ACD804D000FA861 /* NSTextView+ChangeMarks.h */,
				BD8B05141ACD804D000FA861 /* NSTextView+ChangeMarks.m */,
				BD8B05171ACD804D000FA861 /* XcodePrivate.h */,
				BDF326DE1AE4222A009015D8 /* ChangeModel.h */,
				BDF326DF1AE4222A009015D8 /* ChangeModel.m */,
				BDF326E11AE42394009015D8 /* ChangeController.h */,
				BDF326E21AE42394009015D8 /* ChangeController.m */,
			);
			path = ChangeMarks;
			sourceTree = "<group>";
		};
		BDA650D01A0406BD005BBC5E /* Supporting Files */ = {
			isa = PBXGroup;
			children = (
				BD8B051F1ACD80C8000FA861 /* ChangeMarksPlugIn-Prefix.pch */,
				BDA650D11A0406BD005BBC5E /* Info.plist */,
				BDA650D21A0406BD005BBC5E /* ChangeMarks.xcscheme */,
			);
			name = "Supporting Files";
			sourceTree = "<group>";
		};
/* End PBXGroup section */

/* Begin PBXNativeTarget section */
		BD6010681AE588EA0049559B /* ChangeControllerTests */ = {
			isa = PBXNativeTarget;
			buildConfigurationList = BD6010711AE588EA0049559B /* Build configuration list for PBXNativeTarget "ChangeControllerTests" */;
			buildPhases = (
				BD6010651AE588EA0049559B /* Sources */,
				BD6010661AE588EA0049559B /* Frameworks */,
				BD6010671AE588EA0049559B /* Resources */,
			);
			buildRules = (
			);
			dependencies = (
			);
			name = ChangeControllerTests;
			productName = ChangeControllerTests;
			productReference = BD6010691AE588EA0049559B /* ChangeControllerTests.xctest */;
			productType = "com.apple.product-type.bundle.unit-test";
		};
		BDA650C71A0406BD005BBC5E /* ChangeMarks */ = {
			isa = PBXNativeTarget;
			buildConfigurationList = BDA650D91A0406BD005BBC5E /* Build configuration list for PBXNativeTarget "ChangeMarks" */;
			buildPhases = (
				BDA650C41A0406BD005BBC5E /* Sources */,
				BDA650C51A0406BD005BBC5E /* Resources */,
				BDA650C61A0406BD005BBC5E /* Frameworks */,
			);
			buildRules = (
			);
			dependencies = (
			);
			name = ChangeMarks;
			productName = ChangeMarks;
			productReference = BDA650C81A0406BD005BBC5E /* ChangeMarks.xcplugin */;
			productType = "com.apple.product-type.bundle";
		};
/* End PBXNativeTarget section */

/* Begin PBXProject section */
		BDA650C01A0406BD005BBC5E /* Project object */ = {
			isa = PBXProject;
			attributes = {
				LastUpgradeCheck = 0610;
				ORGANIZATIONNAME = zenangst;
				TargetAttributes = {
					BD6010681AE588EA0049559B = {
						CreatedOnToolsVersion = 6.3;
					};
					BDA650C71A0406BD005BBC5E = {
						CreatedOnToolsVersion = 6.1;
					};
				};
			};
			buildConfigurationList = BDA650C31A0406BD005BBC5E /* Build configuration list for PBXProject "ChangeMarks" */;
			compatibilityVersion = "Xcode 3.2";
			developmentRegion = English;
			hasScannedForEncodings = 0;
			knownRegions = (
				en,
			);
			mainGroup = BDA650BF1A0406BD005BBC5E;
			productRefGroup = BDA650C91A0406BD005BBC5E /* Products */;
			projectDirPath = "";
			projectRoot = "";
			targets = (
				BDA650C71A0406BD005BBC5E /* ChangeMarks */,
				BD6010681AE588EA0049559B /* ChangeControllerTests */,
			);
		};
/* End PBXProject section */

/* Begin PBXResourcesBuildPhase section */
		BD6010671AE588EA0049559B /* Resources */ = {
			isa = PBXResourcesBuildPhase;
			buildActionMask = 2147483647;
			files = (
			);
			runOnlyForDeploymentPostprocessing = 0;
		};
		BDA650C51A0406BD005BBC5E /* Resources */ = {
			isa = PBXResourcesBuildPhase;
			buildActionMask = 2147483647;
			files = (
				BDA650D31A0406BD005BBC5E /* ChangeMarks.xcscheme in Resources */,
			);
			runOnlyForDeploymentPostprocessing = 0;
		};
/* End PBXResourcesBuildPhase section */

/* Begin PBXSourcesBuildPhase section */
		BD6010651AE588EA0049559B /* Sources */ = {
			isa = PBXSourcesBuildPhase;
			buildActionMask = 2147483647;
			files = (
				BD60106E1AE588EA0049559B /* ChangeControllerTests.swift in Sources */,
			);
			runOnlyForDeploymentPostprocessing = 0;
		};
		BDA650C41A0406BD005BBC5E /* Sources */ = {
			isa = PBXSourcesBuildPhase;
			buildActionMask = 2147483647;
			files = (
				BD36E9C91AD2FBC200B7BB63 /* DVTTextStorage+ChangeMarks.m in Sources */,
				BDF326E01AE4222A009015D8 /* ChangeModel.m in Sources */,
				BD246E721AD19673000E683A /* NSTextStorage+ChangeMarks.m in Sources */,
				BDF326E31AE42394009015D8 /* ChangeController.m in Sources */,
				BDA83AEC1AD19AAE009C4A56 /* DVTTextCompletionSession+ChangeMarks.m in Sources */,
				BDA650D61A0406BD005BBC5E /* ChangeMarks.m in Sources */,
				BD8B051A1ACD804D000FA861 /* NSTextView+ChangeMarks.m in Sources */,
			);
			runOnlyForDeploymentPostprocessing = 0;
		};
/* End PBXSourcesBuildPhase section */

/* Begin XCBuildConfiguration section */
		BD60106F1AE588EA0049559B /* Debug */ = {
			isa = XCBuildConfiguration;
			buildSettings = {
				COMBINE_HIDPI_IMAGES = YES;
				DEBUG_INFORMATION_FORMAT = dwarf;
				FRAMEWORK_SEARCH_PATHS = (
					"$(DEVELOPER_FRAMEWORKS_DIR)",
					"$(inherited)",
				);
				GCC_NO_COMMON_BLOCKS = YES;
				GCC_PREPROCESSOR_DEFINITIONS = (
					"DEBUG=1",
					"$(inherited)",
				);
				INFOPLIST_FILE = ChangeControllerTests/Info.plist;
				LD_RUNPATH_SEARCH_PATHS = "$(inherited) @executable_path/../Frameworks @loader_path/../Frameworks";
				MACOSX_DEPLOYMENT_TARGET = 10.10;
				PRODUCT_NAME = "$(TARGET_NAME)";
				SDKROOT = macosx;
				SWIFT_OBJC_BRIDGING_HEADER = "ChangeMarksTests/ChangeMarksTests-Bridging-Header.h";
				SWIFT_OPTIMIZATION_LEVEL = "-Onone";
			};
			name = Debug;
		};
		BD6010701AE588EA0049559B /* Release */ = {
			isa = XCBuildConfiguration;
			buildSettings = {
				COMBINE_HIDPI_IMAGES = YES;
				COPY_PHASE_STRIP = NO;
				DEBUG_INFORMATION_FORMAT = "dwarf-with-dsym";
				FRAMEWORK_SEARCH_PATHS = (
					"$(DEVELOPER_FRAMEWORKS_DIR)",
					"$(inherited)",
				);
				GCC_NO_COMMON_BLOCKS = YES;
				INFOPLIST_FILE = ChangeControllerTests/Info.plist;
				LD_RUNPATH_SEARCH_PATHS = "$(inherited) @executable_path/../Frameworks @loader_path/../Frameworks";
				MACOSX_DEPLOYMENT_TARGET = 10.10;
				PRODUCT_NAME = "$(TARGET_NAME)";
				SDKROOT = macosx;
				SWIFT_OBJC_BRIDGING_HEADER = "ChangeMarksTests/ChangeMarksTests-Bridging-Header.h";
			};
			name = Release;
		};
		BDA650D71A0406BD005BBC5E /* Debug */ = {
			isa = XCBuildConfiguration;
			buildSettings = {
				ALWAYS_SEARCH_USER_PATHS = NO;
				CLANG_CXX_LANGUAGE_STANDARD = "gnu++0x";
				CLANG_CXX_LIBRARY = "libc++";
				CLANG_ENABLE_MODULES = YES;
				CLANG_ENABLE_OBJC_ARC = YES;
				CLANG_WARN_BOOL_CONVERSION = YES;
				CLANG_WARN_CONSTANT_CONVERSION = YES;
				CLANG_WARN_DIRECT_OBJC_ISA_USAGE = YES_ERROR;
				CLANG_WARN_EMPTY_BODY = YES;
				CLANG_WARN_ENUM_CONVERSION = YES;
				CLANG_WARN_INT_CONVERSION = YES;
				CLANG_WARN_OBJC_ROOT_CLASS = YES_ERROR;
				CLANG_WARN_UNREACHABLE_CODE = YES;
				CLANG_WARN__DUPLICATE_METHOD_MATCH = YES;
				COPY_PHASE_STRIP = NO;
				ENABLE_STRICT_OBJC_MSGSEND = YES;
				GCC_C_LANGUAGE_STANDARD = gnu99;
				GCC_DYNAMIC_NO_PIC = NO;
				GCC_OPTIMIZATION_LEVEL = 0;
				GCC_PREPROCESSOR_DEFINITIONS = (
					"DEBUG=1",
					"$(inherited)",
				);
				GCC_SYMBOLS_PRIVATE_EXTERN = NO;
				GCC_WARN_64_TO_32_BIT_CONVERSION = YES;
				GCC_WARN_ABOUT_RETURN_TYPE = YES_ERROR;
				GCC_WARN_UNDECLARED_SELECTOR = YES;
				GCC_WARN_UNINITIALIZED_AUTOS = YES_AGGRESSIVE;
				GCC_WARN_UNUSED_FUNCTION = YES;
				GCC_WARN_UNUSED_VARIABLE = YES;
				MTL_ENABLE_DEBUG_INFO = YES;
				ONLY_ACTIVE_ARCH = YES;
			};
			name = Debug;
		};
		BDA650D81A0406BD005BBC5E /* Release */ = {
			isa = XCBuildConfiguration;
			buildSettings = {
				ALWAYS_SEARCH_USER_PATHS = NO;
				CLANG_CXX_LANGUAGE_STANDARD = "gnu++0x";
				CLANG_CXX_LIBRARY = "libc++";
				CLANG_ENABLE_MODULES = YES;
				CLANG_ENABLE_OBJC_ARC = YES;
				CLANG_WARN_BOOL_CONVERSION = YES;
				CLANG_WARN_CONSTANT_CONVERSION = YES;
				CLANG_WARN_DIRECT_OBJC_ISA_USAGE = YES_ERROR;
				CLANG_WARN_EMPTY_BODY = YES;
				CLANG_WARN_ENUM_CONVERSION = YES;
				CLANG_WARN_INT_CONVERSION = YES;
				CLANG_WARN_OBJC_ROOT_CLASS = YES_ERROR;
				CLANG_WARN_UNREACHABLE_CODE = YES;
				CLANG_WARN__DUPLICATE_METHOD_MATCH = YES;
				COPY_PHASE_STRIP = YES;
				ENABLE_NS_ASSERTIONS = NO;
				ENABLE_STRICT_OBJC_MSGSEND = YES;
				GCC_C_LANGUAGE_STANDARD = gnu99;
				GCC_WARN_64_TO_32_BIT_CONVERSION = YES;
				GCC_WARN_ABOUT_RETURN_TYPE = YES_ERROR;
				GCC_WARN_UNDECLARED_SELECTOR = YES;
				GCC_WARN_UNINITIALIZED_AUTOS = YES_AGGRESSIVE;
				GCC_WARN_UNUSED_FUNCTION = YES;
				GCC_WARN_UNUSED_VARIABLE = YES;
				MTL_ENABLE_DEBUG_INFO = NO;
			};
			name = Release;
		};
		BDA650DA1A0406BD005BBC5E /* Debug */ = {
			isa = XCBuildConfiguration;
			buildSettings = {
				COMBINE_HIDPI_IMAGES = YES;
				DEPLOYMENT_LOCATION = YES;
				DSTROOT = "$(HOME)";
				FRAMEWORK_SEARCH_PATHS = (
					"$(inherited)",
					"$(SYSTEM_APPS_DIR)/Xcode.app/Contents/SharedFrameworks",
					"$(SYSTEM_APPS_DIR)/Xcode.app/Contents/Frameworks",
				);
				GCC_PREFIX_HEADER = "ChangeMarks/ChangeMarksPlugIn-Prefix.pch";
				INFOPLIST_FILE = ChangeMarks/Info.plist;
				INSTALL_PATH = "/Library/Application Support/Developer/Shared/Xcode/Plug-ins";
				MACOSX_DEPLOYMENT_TARGET = 10.10;
				PRODUCT_NAME = "$(TARGET_NAME)";
				WRAPPER_EXTENSION = xcplugin;
			};
			name = Debug;
		};
		BDA650DB1A0406BD005BBC5E /* Release */ = {
			isa = XCBuildConfiguration;
			buildSettings = {
				COMBINE_HIDPI_IMAGES = YES;
				DEPLOYMENT_LOCATION = YES;
				DSTROOT = "$(HOME)";
				FRAMEWORK_SEARCH_PATHS = (
					"$(inherited)",
					"$(SYSTEM_APPS_DIR)/Xcode.app/Contents/SharedFrameworks",
					"$(SYSTEM_APPS_DIR)/Xcode.app/Contents/Frameworks",
				);
				GCC_PREFIX_HEADER = "ChangeMarks/ChangeMarksPlugIn-Prefix.pch";
				INFOPLIST_FILE = ChangeMarks/Info.plist;
				INSTALL_PATH = "/Library/Application Support/Developer/Shared/Xcode/Plug-ins";
				MACOSX_DEPLOYMENT_TARGET = 10.10;
				PRODUCT_NAME = "$(TARGET_NAME)";
				WRAPPER_EXTENSION = xcplugin;
			};
			name = Release;
		};
/* End XCBuildConfiguration section */

/* Begin XCConfigurationList section */
		BD6010711AE588EA0049559B /* Build configuration list for PBXNativeTarget "ChangeControllerTests" */ = {
			isa = XCConfigurationList;
			buildConfigurations = (
				BD60106F1AE588EA0049559B /* Debug */,
				BD6010701AE588EA0049559B /* Release */,
			);
			defaultConfigurationIsVisible = 0;
		};
		BDA650C31A0406BD005BBC5E /* Build configuration list for PBXProject "ChangeMarks" */ = {
			isa = XCConfigurationList;
			buildConfigurations = (
				BDA650D71A0406BD005BBC5E /* Debug */,
				BDA650D81A0406BD005BBC5E /* Release */,
			);
			defaultConfigurationIsVisible = 0;
			defaultConfigurationName = Release;
		};
		BDA650D91A0406BD005BBC5E /* Build configuration list for PBXNativeTarget "ChangeMarks" */ = {
			isa = XCConfigurationList;
			buildConfigurations = (
				BDA650DA1A0406BD005BBC5E /* Debug */,
				BDA650DB1A0406BD005BBC5E /* Release */,
			);
			defaultConfigurationIsVisible = 0;
			defaultConfigurationName = Release;
		};
/* End XCConfigurationList section */
	};
	rootObject = BDA650C01A0406BD005BBC5E /* Project object */;
}
